{
  "requires": true,
  "lockfileVersion": 1,
  "dependencies": {
    "capturemodule": {
      "version": "1.0.0",
      "resolved": "https://registry.npmjs.org/capturemodule/-/capturemodule-1.0.0.tgz",
      "integrity": "sha512-XNtudTDA31hPbl6YZhdv0NI3QuufvDXUmmgcMfktlS84L62seIKqOW7282CReWeUdHO2G9EYvrzo6h2GFbHw3w=="
    }
  }
}
